
Microsoft Visual Studio Solution File, Format Version 12.00
# Visual Studio Version 17
VisualStudioVersion = 17.3.32922.545
MinimumVisualStudioVersion = 10.0.40219.1
Project("{FAE04EC0-301F-11D3-BF4B-00C04F79EFBC}") = "DSA Problem Solving", "DSA Problem Solving\DSA Problem Solving.csproj", "{137221A9-CBD5-4827-8EED-0E2D9F3A27C7}"
EndProject
Global
	GlobalSection(SolutionConfigurationPlatforms) = preSolution
		Debug|Any CPU = Debug|Any CPU
		Release|Any CPU = Release|Any CPU
	EndGlobalSection
	GlobalSection(ProjectConfigurationPlatforms) = postSolution
		{137221A9-CBD5-4827-8EED-0E2D9F3A27C7}.Debug|Any CPU.ActiveCfg = Debug|Any CPU
		{137221A9-CBD5-4827-8EED-0E2D9F3A27C7}.Debug|Any CPU.Build.0 = Debug|Any CPU
		{137221A9-CBD5-4827-8EED-0E2D9F3A27C7}.Release|Any CPU.ActiveCfg = Release|Any CPU
		{137221A9-CBD5-4827-8EED-0E2D9F3A27C7}.Release|Any CPU.Build.0 = Release|Any CPU
	EndGlobalSection
	GlobalSection(SolutionProperties) = preSolution
		HideSolutionNode = FALSE
	EndGlobalSection
	GlobalSection(ExtensibilityGlobals) = postSolution
		SolutionGuid = {FCDDBF04-AB86-4417-95CF-502C66194483}
	EndGlobalSection
EndGlobal
